{
  "name": "curso-dom-minor",
  "version": "1.0.0",
  "lockfileVersion": 3,
  "requires": true,
  "packages": {
    "": {
      "name": "curso-dom-minor",
      "version": "1.0.0",
      "license": "ISC",
      "dependencies": {
        "curso-dom-minor": "file:"
      }
    },
    "node_modules/curso-dom-minor": {
      "resolved": "",
      "link": true
    }
  }
}
